
Microsoft Visual Studio Solution File, Format Version 12.00
# Visual Studio Version 16
VisualStudioVersion = 16.0.31702.278
MinimumVisualStudioVersion = 10.0.40219.1
Project("{FAE04EC0-301F-11D3-BF4B-00C04F79EFBC}") = "Authentication", "Authentication.csproj", "{E5F02B3F-D037-43AE-B0CD-42DABAEF389A}"
EndProject
Project("{FAE04EC0-301F-11D3-BF4B-00C04F79EFBC}") = "AuthenticateTest", "..\AuthenticateTest\AuthenticateTest.csproj", "{03348206-490C-4416-9559-40A2A772DA0D}"
EndProject
Global
	GlobalSection(SolutionConfigurationPlatforms) = preSolution
		Debug|Any CPU = Debug|Any CPU
		Release|Any CPU = Release|Any CPU
	EndGlobalSection
	GlobalSection(ProjectConfigurationPlatforms) = postSolution
		{E5F02B3F-D037-43AE-B0CD-42DABAEF389A}.Debug|Any CPU.ActiveCfg = Debug|Any CPU
		{E5F02B3F-D037-43AE-B0CD-42DABAEF389A}.Debug|Any CPU.Build.0 = Debug|Any CPU
		{E5F02B3F-D037-43AE-B0CD-42DABAEF389A}.Release|Any CPU.ActiveCfg = Release|Any CPU
		{E5F02B3F-D037-43AE-B0CD-42DABAEF389A}.Release|Any CPU.Build.0 = Release|Any CPU
		{03348206-490C-4416-9559-40A2A772DA0D}.Debug|Any CPU.ActiveCfg = Debug|Any CPU
		{03348206-490C-4416-9559-40A2A772DA0D}.Debug|Any CPU.Build.0 = Debug|Any CPU
		{03348206-490C-4416-9559-40A2A772DA0D}.Release|Any CPU.ActiveCfg = Release|Any CPU
		{03348206-490C-4416-9559-40A2A772DA0D}.Release|Any CPU.Build.0 = Release|Any CPU
	EndGlobalSection
	GlobalSection(SolutionProperties) = preSolution
		HideSolutionNode = FALSE
	EndGlobalSection
	GlobalSection(ExtensibilityGlobals) = postSolution
		SolutionGuid = {2B5FA9EF-615D-4766-9318-09421D15C8BF}
	EndGlobalSection
EndGlobal
